
Microsoft Visual Studio Solution File, Format Version 12.00
# Visual Studio Version 16
VisualStudioVersion = 16.0.30002.166
MinimumVisualStudioVersion = 10.0.40219.1
Project("{8BC9CEB8-8B4A-11D0-8D11-00A0C91BC942}") = "백준 2577번 숫자의 개수", "백준 2577번 숫자의 개수\백준 2577번 숫자의 개수.vcxproj", "{F3E716E9-71B8-45E5-B263-5B7EA82C47C7}"
EndProject
Global
	GlobalSection(SolutionConfigurationPlatforms) = preSolution
		Debug|x64 = Debug|x64
		Debug|x86 = Debug|x86
		Release|x64 = Release|x64
		Release|x86 = Release|x86
	EndGlobalSection
	GlobalSection(ProjectConfigurationPlatforms) = postSolution
		{F3E716E9-71B8-45E5-B263-5B7EA82C47C7}.Debug|x64.ActiveCfg = Debug|x64
		{F3E716E9-71B8-45E5-B263-5B7EA82C47C7}.Debug|x64.Build.0 = Debug|x64
		{F3E716E9-71B8-45E5-B263-5B7EA82C47C7}.Debug|x86.ActiveCfg = Debug|Win32
		{F3E716E9-71B8-45E5-B263-5B7EA82C47C7}.Debug|x86.Build.0 = Debug|Win32
		{F3E716E9-71B8-45E5-B263-5B7EA82C47C7}.Release|x64.ActiveCfg = Release|x64
		{F3E716E9-71B8-45E5-B263-5B7EA82C47C7}.Release|x64.Build.0 = Release|x64
		{F3E716E9-71B8-45E5-B263-5B7EA82C47C7}.Release|x86.ActiveCfg = Release|Win32
		{F3E716E9-71B8-45E5-B263-5B7EA82C47C7}.Release|x86.Build.0 = Release|Win32
	EndGlobalSection
	GlobalSection(SolutionProperties) = preSolution
		HideSolutionNode = FALSE
	EndGlobalSection
	GlobalSection(ExtensibilityGlobals) = postSolution
		SolutionGuid = {96D6683E-4FCF-43BB-9DBE-044B5ED57503}
	EndGlobalSection
EndGlobal
