
Microsoft Visual Studio Solution File, Format Version 12.00
# Visual Studio Version 16
VisualStudioVersion = 16.0.30002.166
MinimumVisualStudioVersion = 10.0.40219.1
Project("{8BC9CEB8-8B4A-11D0-8D11-00A0C91BC942}") = "3장 4장 실습문제", "3장 4장 실습문제\3장 4장 실습문제.vcxproj", "{A5170B9B-2C85-456D-9B12-C2CD4FB38721}"
EndProject
Global
	GlobalSection(SolutionConfigurationPlatforms) = preSolution
		Debug|x64 = Debug|x64
		Debug|x86 = Debug|x86
		Release|x64 = Release|x64
		Release|x86 = Release|x86
	EndGlobalSection
	GlobalSection(ProjectConfigurationPlatforms) = postSolution
		{A5170B9B-2C85-456D-9B12-C2CD4FB38721}.Debug|x64.ActiveCfg = Debug|x64
		{A5170B9B-2C85-456D-9B12-C2CD4FB38721}.Debug|x64.Build.0 = Debug|x64
		{A5170B9B-2C85-456D-9B12-C2CD4FB38721}.Debug|x86.ActiveCfg = Debug|Win32
		{A5170B9B-2C85-456D-9B12-C2CD4FB38721}.Debug|x86.Build.0 = Debug|Win32
		{A5170B9B-2C85-456D-9B12-C2CD4FB38721}.Release|x64.ActiveCfg = Release|x64
		{A5170B9B-2C85-456D-9B12-C2CD4FB38721}.Release|x64.Build.0 = Release|x64
		{A5170B9B-2C85-456D-9B12-C2CD4FB38721}.Release|x86.ActiveCfg = Release|Win32
		{A5170B9B-2C85-456D-9B12-C2CD4FB38721}.Release|x86.Build.0 = Release|Win32
	EndGlobalSection
	GlobalSection(SolutionProperties) = preSolution
		HideSolutionNode = FALSE
	EndGlobalSection
	GlobalSection(ExtensibilityGlobals) = postSolution
		SolutionGuid = {725233B7-F278-47F5-A5CD-53EB98182528}
	EndGlobalSection
EndGlobal
