
Microsoft Visual Studio Solution File, Format Version 12.00
# Visual Studio Version 16
VisualStudioVersion = 16.0.29926.136
MinimumVisualStudioVersion = 10.0.40219.1
Project("{8BC9CEB8-8B4A-11D0-8D11-00A0C91BC942}") = "과제 4-1", "과제 4-1\과제 4-1.vcxproj", "{F177C420-0135-4642-AF67-6521D26F2B91}"
EndProject
Global
	GlobalSection(SolutionConfigurationPlatforms) = preSolution
		Debug|x64 = Debug|x64
		Debug|x86 = Debug|x86
		Release|x64 = Release|x64
		Release|x86 = Release|x86
	EndGlobalSection
	GlobalSection(ProjectConfigurationPlatforms) = postSolution
		{F177C420-0135-4642-AF67-6521D26F2B91}.Debug|x64.ActiveCfg = Debug|x64
		{F177C420-0135-4642-AF67-6521D26F2B91}.Debug|x64.Build.0 = Debug|x64
		{F177C420-0135-4642-AF67-6521D26F2B91}.Debug|x86.ActiveCfg = Debug|Win32
		{F177C420-0135-4642-AF67-6521D26F2B91}.Debug|x86.Build.0 = Debug|Win32
		{F177C420-0135-4642-AF67-6521D26F2B91}.Release|x64.ActiveCfg = Release|x64
		{F177C420-0135-4642-AF67-6521D26F2B91}.Release|x64.Build.0 = Release|x64
		{F177C420-0135-4642-AF67-6521D26F2B91}.Release|x86.ActiveCfg = Release|Win32
		{F177C420-0135-4642-AF67-6521D26F2B91}.Release|x86.Build.0 = Release|Win32
	EndGlobalSection
	GlobalSection(SolutionProperties) = preSolution
		HideSolutionNode = FALSE
	EndGlobalSection
	GlobalSection(ExtensibilityGlobals) = postSolution
		SolutionGuid = {3713F9E3-4D07-486D-AB97-803D00DFDF6B}
	EndGlobalSection
EndGlobal
