
Microsoft Visual Studio Solution File, Format Version 12.00
# Visual Studio Version 16
VisualStudioVersion = 16.0.29926.136
MinimumVisualStudioVersion = 10.0.40219.1
Project("{8BC9CEB8-8B4A-11D0-8D11-00A0C91BC942}") = "과제 5-2", "과제 5-2\과제 5-2.vcxproj", "{73E7A626-8BB7-4F16-B551-A0DB73884266}"
EndProject
Global
	GlobalSection(SolutionConfigurationPlatforms) = preSolution
		Debug|x64 = Debug|x64
		Debug|x86 = Debug|x86
		Release|x64 = Release|x64
		Release|x86 = Release|x86
	EndGlobalSection
	GlobalSection(ProjectConfigurationPlatforms) = postSolution
		{73E7A626-8BB7-4F16-B551-A0DB73884266}.Debug|x64.ActiveCfg = Debug|x64
		{73E7A626-8BB7-4F16-B551-A0DB73884266}.Debug|x64.Build.0 = Debug|x64
		{73E7A626-8BB7-4F16-B551-A0DB73884266}.Debug|x86.ActiveCfg = Debug|Win32
		{73E7A626-8BB7-4F16-B551-A0DB73884266}.Debug|x86.Build.0 = Debug|Win32
		{73E7A626-8BB7-4F16-B551-A0DB73884266}.Release|x64.ActiveCfg = Release|x64
		{73E7A626-8BB7-4F16-B551-A0DB73884266}.Release|x64.Build.0 = Release|x64
		{73E7A626-8BB7-4F16-B551-A0DB73884266}.Release|x86.ActiveCfg = Release|Win32
		{73E7A626-8BB7-4F16-B551-A0DB73884266}.Release|x86.Build.0 = Release|Win32
	EndGlobalSection
	GlobalSection(SolutionProperties) = preSolution
		HideSolutionNode = FALSE
	EndGlobalSection
	GlobalSection(ExtensibilityGlobals) = postSolution
		SolutionGuid = {C63F7E22-C6C1-466E-B383-FD4A8C8E4657}
	EndGlobalSection
EndGlobal
